{
  "name": "tecbizweb",
  "lockfileVersion": 3,
  "requires": true,
  "packages": {
    "": {
      "devDependencies": {
        "@types/feather-icons": "^4.29.3"
      }
    },
    "node_modules/@types/feather-icons": {
      "version": "4.29.3",
      "resolved": "https://registry.npmjs.org/@types/feather-icons/-/feather-icons-4.29.3.tgz",
      "integrity": "sha512-DU5pZVD75WpswT9uGv06BQJMYNtXyDKG7Y5kJ6n2NA8hjk168gWa2z9VRG3A78bKIuGySJbQWHCleHhXARvOTw==",
      "dev": true
    }
  }
}
